
Microsoft Visual Studio Solution File, Format Version 12.00
# Visual Studio Version 17
VisualStudioVersion = 17.1.32127.271
MinimumVisualStudioVersion = 10.0.40219.1
Project("{9A19103F-16F7-4668-BE54-9A1E7A4F7556}") = "Leetcode.TwoSum", "Leetcode.SumTwo\Leetcode.TwoSum.csproj", "{BA7611B8-AB96-41FD-ACC2-DF40D41EA049}"
EndProject
Project("{9A19103F-16F7-4668-BE54-9A1E7A4F7556}") = "Leetcode.TwoSum.Tests", "Leetcode.SumTwo.Tests\Leetcode.TwoSum.Tests.csproj", "{781E65FA-0AE5-4594-B85F-235DBEE48751}"
EndProject
Project("{2150E333-8FDC-42A3-9474-1A3956D46DE8}") = "Solution Items", "Solution Items", "{5B75FE26-242F-4436-9EFA-642BC820DC95}"
	ProjectSection(SolutionItems) = preProject
		.gitignore = .gitignore
	EndProjectSection
EndProject
Project("{9A19103F-16F7-4668-BE54-9A1E7A4F7556}") = "Leetcode.ValidPalindrome.Tests", "Leetcode.ValidPalindrome.Tests\Leetcode.ValidPalindrome.Tests.csproj", "{47036321-B771-4EFA-AD87-327DF048FD67}"
EndProject
Project("{9A19103F-16F7-4668-BE54-9A1E7A4F7556}") = "Leetcode.ValidPalindrome", "Leetcode.ValidPalindrome\Leetcode.ValidPalindrome.csproj", "{BE57000B-6D3D-431E-B1DE-99859B5BBEBC}"
EndProject
Project("{9A19103F-16F7-4668-BE54-9A1E7A4F7556}") = "Leetcode.MyAtoi.Tests", "Leetcode.MyAtoi.Tests\Leetcode.MyAtoi.Tests.csproj", "{26AE477C-0C6C-4F75-8F49-74D18BA7B838}"
EndProject
Project("{9A19103F-16F7-4668-BE54-9A1E7A4F7556}") = "Leetcode.MyAtoi", "Leetcode.MyAtoi\Leetcode.MyAtoi.csproj", "{EE220BC9-9FCC-4081-ADE2-0E59B8F5437A}"
EndProject
Project("{FAE04EC0-301F-11D3-BF4B-00C04F79EFBC}") = "Leetcode.ReverseWords.Tests", "Leetcode.ReverseWords.Tests\Leetcode.ReverseWords.Tests.csproj", "{D7133BDC-F88C-4D9D-A6E5-8868BBA08485}"
EndProject
Project("{FAE04EC0-301F-11D3-BF4B-00C04F79EFBC}") = "Leetcode.ReverseWords", "Leetcode.ReverseWords\Leetcode.ReverseWords.csproj", "{8C595E00-F6DD-4035-B41D-055D025E30B9}"
EndProject
Project("{FAE04EC0-301F-11D3-BF4B-00C04F79EFBC}") = "Leetcode.ValidParentheses.Tests", "Leetcode.ValidParentheses.Tests\Leetcode.ValidParentheses.Tests.csproj", "{2515442D-8AE7-4FF5-8545-0F1425F105F8}"
EndProject
Project("{FAE04EC0-301F-11D3-BF4B-00C04F79EFBC}") = "Leetcode.ValidParentheses", "Leetcode.ValidParentheses\Leetcode.ValidParentheses.csproj", "{76A1EF02-9924-4D29-8FE8-90DC31EAE690}"
EndProject
Project("{FAE04EC0-301F-11D3-BF4B-00C04F79EFBC}") = "Leetcode.ReverseWordsII", "Leetcode.ReverseWordsII\Leetcode.ReverseWordsII.csproj", "{327E4B91-480C-44E9-8A71-64944D78B938}"
EndProject
Project("{FAE04EC0-301F-11D3-BF4B-00C04F79EFBC}") = "Leetcode.ReverseWordsII.Tests", "Leetcode.ReverseWordsII.Tests\Leetcode.ReverseWordsII.Tests.csproj", "{6B0DACE8-95F2-4BC2-A31E-C5A718786D24}"
EndProject
Project("{FAE04EC0-301F-11D3-BF4B-00C04F79EFBC}") = "Leetcode.LongestPalindrome", "Leetcode.LongestPalindrome\Leetcode.LongestPalindrome.csproj", "{12FBB5FA-545C-4F5D-9BC4-B8BBF2F0735A}"
EndProject
Project("{FAE04EC0-301F-11D3-BF4B-00C04F79EFBC}") = "Leetcode.LongestPalindrome.Tests", "Leetcode.LongestPalindrome.Tests\Leetcode.LongestPalindrome.Tests.csproj", "{96B0C523-6F14-485E-9E52-4A1F2B0A0FA6}"
EndProject
Project("{2150E333-8FDC-42A3-9474-1A3956D46DE8}") = "Solutions", "Solutions", "{2CC18CED-0A91-4C26-BBC0-CA8D7A7BD399}"
EndProject
Project("{2150E333-8FDC-42A3-9474-1A3956D46DE8}") = "Tests", "Tests", "{E062CF3C-4B94-47BB-8A63-077B527D8E90}"
EndProject
Project("{FAE04EC0-301F-11D3-BF4B-00C04F79EFBC}") = "Leetcode.GroupAnagrams", "Leetcode.GroupAnagrams\Leetcode.GroupAnagrams.csproj", "{84822982-E5D8-4B45-A94F-307FE8AE3457}"
EndProject
Project("{FAE04EC0-301F-11D3-BF4B-00C04F79EFBC}") = "Leetcode.GroupAnagrams.Tests", "Leetcode.GroupAnagrams.Tests\Leetcode.GroupAnagrams.Tests.csproj", "{0E651469-C243-4579-A584-054F002DF22A}"
EndProject
Project("{FAE04EC0-301F-11D3-BF4B-00C04F79EFBC}") = "Leetcode.TrappingRainWater", "Leetcode.TrappingRainWater\Leetcode.TrappingRainWater.csproj", "{4DF95227-569C-4683-8758-6B0BB4B32982}"
EndProject
Project("{FAE04EC0-301F-11D3-BF4B-00C04F79EFBC}") = "Leetcode.TrappingRainWater.Tests", "Leetcode.TrappingRainWater.Tests\Leetcode.TrappingRainWater.Tests.csproj", "{CCA5418D-C006-4B38-9571-81829296273E}"
EndProject
Global
	GlobalSection(SolutionConfigurationPlatforms) = preSolution
		Debug|Any CPU = Debug|Any CPU
		Release|Any CPU = Release|Any CPU
	EndGlobalSection
	GlobalSection(ProjectConfigurationPlatforms) = postSolution
		{BA7611B8-AB96-41FD-ACC2-DF40D41EA049}.Debug|Any CPU.ActiveCfg = Debug|Any CPU
		{BA7611B8-AB96-41FD-ACC2-DF40D41EA049}.Debug|Any CPU.Build.0 = Debug|Any CPU
		{BA7611B8-AB96-41FD-ACC2-DF40D41EA049}.Release|Any CPU.ActiveCfg = Release|Any CPU
		{BA7611B8-AB96-41FD-ACC2-DF40D41EA049}.Release|Any CPU.Build.0 = Release|Any CPU
		{781E65FA-0AE5-4594-B85F-235DBEE48751}.Debug|Any CPU.ActiveCfg = Debug|Any CPU
		{781E65FA-0AE5-4594-B85F-235DBEE48751}.Debug|Any CPU.Build.0 = Debug|Any CPU
		{781E65FA-0AE5-4594-B85F-235DBEE48751}.Release|Any CPU.ActiveCfg = Release|Any CPU
		{781E65FA-0AE5-4594-B85F-235DBEE48751}.Release|Any CPU.Build.0 = Release|Any CPU
		{47036321-B771-4EFA-AD87-327DF048FD67}.Debug|Any CPU.ActiveCfg = Debug|Any CPU
		{47036321-B771-4EFA-AD87-327DF048FD67}.Debug|Any CPU.Build.0 = Debug|Any CPU
		{47036321-B771-4EFA-AD87-327DF048FD67}.Release|Any CPU.ActiveCfg = Release|Any CPU
		{47036321-B771-4EFA-AD87-327DF048FD67}.Release|Any CPU.Build.0 = Release|Any CPU
		{BE57000B-6D3D-431E-B1DE-99859B5BBEBC}.Debug|Any CPU.ActiveCfg = Debug|Any CPU
		{BE57000B-6D3D-431E-B1DE-99859B5BBEBC}.Debug|Any CPU.Build.0 = Debug|Any CPU
		{BE57000B-6D3D-431E-B1DE-99859B5BBEBC}.Release|Any CPU.ActiveCfg = Release|Any CPU
		{BE57000B-6D3D-431E-B1DE-99859B5BBEBC}.Release|Any CPU.Build.0 = Release|Any CPU
		{26AE477C-0C6C-4F75-8F49-74D18BA7B838}.Debug|Any CPU.ActiveCfg = Debug|Any CPU
		{26AE477C-0C6C-4F75-8F49-74D18BA7B838}.Debug|Any CPU.Build.0 = Debug|Any CPU
		{26AE477C-0C6C-4F75-8F49-74D18BA7B838}.Release|Any CPU.ActiveCfg = Release|Any CPU
		{26AE477C-0C6C-4F75-8F49-74D18BA7B838}.Release|Any CPU.Build.0 = Release|Any CPU
		{EE220BC9-9FCC-4081-ADE2-0E59B8F5437A}.Debug|Any CPU.ActiveCfg = Debug|Any CPU
		{EE220BC9-9FCC-4081-ADE2-0E59B8F5437A}.Debug|Any CPU.Build.0 = Debug|Any CPU
		{EE220BC9-9FCC-4081-ADE2-0E59B8F5437A}.Release|Any CPU.ActiveCfg = Release|Any CPU
		{EE220BC9-9FCC-4081-ADE2-0E59B8F5437A}.Release|Any CPU.Build.0 = Release|Any CPU
		{D7133BDC-F88C-4D9D-A6E5-8868BBA08485}.Debug|Any CPU.ActiveCfg = Debug|Any CPU
		{D7133BDC-F88C-4D9D-A6E5-8868BBA08485}.Debug|Any CPU.Build.0 = Debug|Any CPU
		{D7133BDC-F88C-4D9D-A6E5-8868BBA08485}.Release|Any CPU.ActiveCfg = Release|Any CPU
		{D7133BDC-F88C-4D9D-A6E5-8868BBA08485}.Release|Any CPU.Build.0 = Release|Any CPU
		{8C595E00-F6DD-4035-B41D-055D025E30B9}.Debug|Any CPU.ActiveCfg = Debug|Any CPU
		{8C595E00-F6DD-4035-B41D-055D025E30B9}.Debug|Any CPU.Build.0 = Debug|Any CPU
		{8C595E00-F6DD-4035-B41D-055D025E30B9}.Release|Any CPU.ActiveCfg = Release|Any CPU
		{8C595E00-F6DD-4035-B41D-055D025E30B9}.Release|Any CPU.Build.0 = Release|Any CPU
		{2515442D-8AE7-4FF5-8545-0F1425F105F8}.Debug|Any CPU.ActiveCfg = Debug|Any CPU
		{2515442D-8AE7-4FF5-8545-0F1425F105F8}.Debug|Any CPU.Build.0 = Debug|Any CPU
		{2515442D-8AE7-4FF5-8545-0F1425F105F8}.Release|Any CPU.ActiveCfg = Release|Any CPU
		{2515442D-8AE7-4FF5-8545-0F1425F105F8}.Release|Any CPU.Build.0 = Release|Any CPU
		{76A1EF02-9924-4D29-8FE8-90DC31EAE690}.Debug|Any CPU.ActiveCfg = Debug|Any CPU
		{76A1EF02-9924-4D29-8FE8-90DC31EAE690}.Debug|Any CPU.Build.0 = Debug|Any CPU
		{76A1EF02-9924-4D29-8FE8-90DC31EAE690}.Release|Any CPU.ActiveCfg = Release|Any CPU
		{76A1EF02-9924-4D29-8FE8-90DC31EAE690}.Release|Any CPU.Build.0 = Release|Any CPU
		{327E4B91-480C-44E9-8A71-64944D78B938}.Debug|Any CPU.ActiveCfg = Debug|Any CPU
		{327E4B91-480C-44E9-8A71-64944D78B938}.Debug|Any CPU.Build.0 = Debug|Any CPU
		{327E4B91-480C-44E9-8A71-64944D78B938}.Release|Any CPU.ActiveCfg = Release|Any CPU
		{327E4B91-480C-44E9-8A71-64944D78B938}.Release|Any CPU.Build.0 = Release|Any CPU
		{6B0DACE8-95F2-4BC2-A31E-C5A718786D24}.Debug|Any CPU.ActiveCfg = Debug|Any CPU
		{6B0DACE8-95F2-4BC2-A31E-C5A718786D24}.Debug|Any CPU.Build.0 = Debug|Any CPU
		{6B0DACE8-95F2-4BC2-A31E-C5A718786D24}.Release|Any CPU.ActiveCfg = Release|Any CPU
		{6B0DACE8-95F2-4BC2-A31E-C5A718786D24}.Release|Any CPU.Build.0 = Release|Any CPU
		{12FBB5FA-545C-4F5D-9BC4-B8BBF2F0735A}.Debug|Any CPU.ActiveCfg = Debug|Any CPU
		{12FBB5FA-545C-4F5D-9BC4-B8BBF2F0735A}.Debug|Any CPU.Build.0 = Debug|Any CPU
		{12FBB5FA-545C-4F5D-9BC4-B8BBF2F0735A}.Release|Any CPU.ActiveCfg = Release|Any CPU
		{12FBB5FA-545C-4F5D-9BC4-B8BBF2F0735A}.Release|Any CPU.Build.0 = Release|Any CPU
		{96B0C523-6F14-485E-9E52-4A1F2B0A0FA6}.Debug|Any CPU.ActiveCfg = Debug|Any CPU
		{96B0C523-6F14-485E-9E52-4A1F2B0A0FA6}.Debug|Any CPU.Build.0 = Debug|Any CPU
		{96B0C523-6F14-485E-9E52-4A1F2B0A0FA6}.Release|Any CPU.ActiveCfg = Release|Any CPU
		{96B0C523-6F14-485E-9E52-4A1F2B0A0FA6}.Release|Any CPU.Build.0 = Release|Any CPU
		{84822982-E5D8-4B45-A94F-307FE8AE3457}.Debug|Any CPU.ActiveCfg = Debug|Any CPU
		{84822982-E5D8-4B45-A94F-307FE8AE3457}.Debug|Any CPU.Build.0 = Debug|Any CPU
		{84822982-E5D8-4B45-A94F-307FE8AE3457}.Release|Any CPU.ActiveCfg = Release|Any CPU
		{84822982-E5D8-4B45-A94F-307FE8AE3457}.Release|Any CPU.Build.0 = Release|Any CPU
		{0E651469-C243-4579-A584-054F002DF22A}.Debug|Any CPU.ActiveCfg = Debug|Any CPU
		{0E651469-C243-4579-A584-054F002DF22A}.Debug|Any CPU.Build.0 = Debug|Any CPU
		{0E651469-C243-4579-A584-054F002DF22A}.Release|Any CPU.ActiveCfg = Release|Any CPU
		{0E651469-C243-4579-A584-054F002DF22A}.Release|Any CPU.Build.0 = Release|Any CPU
		{4DF95227-569C-4683-8758-6B0BB4B32982}.Debug|Any CPU.ActiveCfg = Debug|Any CPU
		{4DF95227-569C-4683-8758-6B0BB4B32982}.Debug|Any CPU.Build.0 = Debug|Any CPU
		{4DF95227-569C-4683-8758-6B0BB4B32982}.Release|Any CPU.ActiveCfg = Release|Any CPU
		{4DF95227-569C-4683-8758-6B0BB4B32982}.Release|Any CPU.Build.0 = Release|Any CPU
		{CCA5418D-C006-4B38-9571-81829296273E}.Debug|Any CPU.ActiveCfg = Debug|Any CPU
		{CCA5418D-C006-4B38-9571-81829296273E}.Debug|Any CPU.Build.0 = Debug|Any CPU
		{CCA5418D-C006-4B38-9571-81829296273E}.Release|Any CPU.ActiveCfg = Release|Any CPU
		{CCA5418D-C006-4B38-9571-81829296273E}.Release|Any CPU.Build.0 = Release|Any CPU
	EndGlobalSection
	GlobalSection(SolutionProperties) = preSolution
		HideSolutionNode = FALSE
	EndGlobalSection
	GlobalSection(ExtensibilityGlobals) = postSolution
		SolutionGuid = {D4F6E85E-69A1-4A66-9E8A-15AFE4BA33EF}
	EndGlobalSection
	GlobalSection(NestedProjects) = preSolution
		{12FBB5FA-545C-4F5D-9BC4-B8BBF2F0735A} = {2CC18CED-0A91-4C26-BBC0-CA8D7A7BD399}
		{96B0C523-6F14-485E-9E52-4A1F2B0A0FA6} = {E062CF3C-4B94-47BB-8A63-077B527D8E90}
		{EE220BC9-9FCC-4081-ADE2-0E59B8F5437A} = {2CC18CED-0A91-4C26-BBC0-CA8D7A7BD399}
		{26AE477C-0C6C-4F75-8F49-74D18BA7B838} = {E062CF3C-4B94-47BB-8A63-077B527D8E90}
		{8C595E00-F6DD-4035-B41D-055D025E30B9} = {2CC18CED-0A91-4C26-BBC0-CA8D7A7BD399}
		{D7133BDC-F88C-4D9D-A6E5-8868BBA08485} = {E062CF3C-4B94-47BB-8A63-077B527D8E90}
		{2515442D-8AE7-4FF5-8545-0F1425F105F8} = {E062CF3C-4B94-47BB-8A63-077B527D8E90}
		{47036321-B771-4EFA-AD87-327DF048FD67} = {E062CF3C-4B94-47BB-8A63-077B527D8E90}
		{781E65FA-0AE5-4594-B85F-235DBEE48751} = {E062CF3C-4B94-47BB-8A63-077B527D8E90}
		{6B0DACE8-95F2-4BC2-A31E-C5A718786D24} = {E062CF3C-4B94-47BB-8A63-077B527D8E90}
		{327E4B91-480C-44E9-8A71-64944D78B938} = {2CC18CED-0A91-4C26-BBC0-CA8D7A7BD399}
		{BA7611B8-AB96-41FD-ACC2-DF40D41EA049} = {2CC18CED-0A91-4C26-BBC0-CA8D7A7BD399}
		{BE57000B-6D3D-431E-B1DE-99859B5BBEBC} = {2CC18CED-0A91-4C26-BBC0-CA8D7A7BD399}
		{76A1EF02-9924-4D29-8FE8-90DC31EAE690} = {2CC18CED-0A91-4C26-BBC0-CA8D7A7BD399}
		{84822982-E5D8-4B45-A94F-307FE8AE3457} = {2CC18CED-0A91-4C26-BBC0-CA8D7A7BD399}
		{0E651469-C243-4579-A584-054F002DF22A} = {E062CF3C-4B94-47BB-8A63-077B527D8E90}
		{4DF95227-569C-4683-8758-6B0BB4B32982} = {2CC18CED-0A91-4C26-BBC0-CA8D7A7BD399}
		{CCA5418D-C006-4B38-9571-81829296273E} = {E062CF3C-4B94-47BB-8A63-077B527D8E90}
	EndGlobalSection
EndGlobal
